
Microsoft Visual Studio Solution File, Format Version 12.00
# Visual Studio Version 16
VisualStudioVersion = 16.0.29709.97
MinimumVisualStudioVersion = 10.0.40219.1
Project("{FAE04EC0-301F-11D3-BF4B-00C04F79EFBC}") = "Assignment02", "Assignment02\Assignment02.csproj", "{AF691F15-0562-4D4F-9E3D-0FCECA230910}"
EndProject
Project("{FAE04EC0-301F-11D3-BF4B-00C04F79EFBC}") = "Assignment02.Tests", "Assignment02.Tests\Assignment02.Tests.csproj", "{A74E5501-85D3-4C3F-9A59-9392FD4FA449}"
EndProject
Global
	GlobalSection(SolutionConfigurationPlatforms) = preSolution
		Debug|Any CPU = Debug|Any CPU
		Release|Any CPU = Release|Any CPU
	EndGlobalSection
	GlobalSection(ProjectConfigurationPlatforms) = postSolution
		{AF691F15-0562-4D4F-9E3D-0FCECA230910}.Debug|Any CPU.ActiveCfg = Debug|Any CPU
		{AF691F15-0562-4D4F-9E3D-0FCECA230910}.Debug|Any CPU.Build.0 = Debug|Any CPU
		{AF691F15-0562-4D4F-9E3D-0FCECA230910}.Release|Any CPU.ActiveCfg = Release|Any CPU
		{AF691F15-0562-4D4F-9E3D-0FCECA230910}.Release|Any CPU.Build.0 = Release|Any CPU
		{A74E5501-85D3-4C3F-9A59-9392FD4FA449}.Debug|Any CPU.ActiveCfg = Debug|Any CPU
		{A74E5501-85D3-4C3F-9A59-9392FD4FA449}.Debug|Any CPU.Build.0 = Debug|Any CPU
		{A74E5501-85D3-4C3F-9A59-9392FD4FA449}.Release|Any CPU.ActiveCfg = Release|Any CPU
		{A74E5501-85D3-4C3F-9A59-9392FD4FA449}.Release|Any CPU.Build.0 = Release|Any CPU
	EndGlobalSection
	GlobalSection(SolutionProperties) = preSolution
		HideSolutionNode = FALSE
	EndGlobalSection
	GlobalSection(ExtensibilityGlobals) = postSolution
		SolutionGuid = {9EB61C5E-E36D-48AE-8C99-A29EABCCE609}
	EndGlobalSection
EndGlobal
